
Microsoft Visual Studio Solution File, Format Version 12.00
# Visual Studio 15
VisualStudioVersion = 15.0.27703.2026
MinimumVisualStudioVersion = 10.0.40219.1
Project("{9A19103F-16F7-4668-BE54-9A1E7A4F7556}") = "Startup", "Startup\Startup.csproj", "{3F56952D-F3FE-46B4-854E-F0FE82126B40}"
EndProject
Project("{2150E333-8FDC-42A3-9474-1A3956D46DE8}") = "SrvCornet", "SrvCornet", "{4C1361D6-3B90-46D6-BA70-BDE0C8E2FDCB}"
EndProject
Project("{2150E333-8FDC-42A3-9474-1A3956D46DE8}") = "Data", "Data", "{EBEC1A63-9941-4E01-BD90-52DE02B47445}"
EndProject
Project("{9A19103F-16F7-4668-BE54-9A1E7A4F7556}") = "AuctionHub.Data.Mssql", "Data\AuctionHub.Data.Mssql\AuctionHub.Data.Mssql.csproj", "{90DEE3D6-313E-4361-8E93-BE39944E0BA3}"
EndProject
Project("{9A19103F-16F7-4668-BE54-9A1E7A4F7556}") = "AuctionHub.Common", "AuctionHub.Common\AuctionHub.Common.csproj", "{91D4956A-F078-475C-83D9-C2762702A4B2}"
EndProject
Project("{2150E333-8FDC-42A3-9474-1A3956D46DE8}") = "Modules", "Modules", "{4E8E66F4-BC47-4EF4-9130-CE20E51B7C18}"
EndProject
Project("{2150E333-8FDC-42A3-9474-1A3956D46DE8}") = "Product", "Product", "{5F48EEE4-03DD-4C5E-9CC5-14AD117D9D3E}"
EndProject
Project("{9A19103F-16F7-4668-BE54-9A1E7A4F7556}") = "Domain", "Modules\AuctionPackage\Domain\Domain.csproj", "{CADEE16B-4DD0-41BF-B348-BC0D65F034FD}"
EndProject
Project("{2150E333-8FDC-42A3-9474-1A3956D46DE8}") = "Account", "Account", "{AC101F5D-B719-42A3-B213-D9A1E97C7219}"
EndProject
Project("{9A19103F-16F7-4668-BE54-9A1E7A4F7556}") = "SrvCornet.Background", "SrvCornet\SrvCornet.Background\SrvCornet.Background.csproj", "{1D06FF18-BDC9-4603-B911-C1844E076C7E}"
EndProject
Project("{9A19103F-16F7-4668-BE54-9A1E7A4F7556}") = "SrvCornet.Core", "SrvCornet\SrvCornet.Core\SrvCornet.Core.csproj", "{C8541893-3361-4F25-A5C3-6904AFA5BE53}"
EndProject
Project("{9A19103F-16F7-4668-BE54-9A1E7A4F7556}") = "SrvCornet.Dal.Mssql", "SrvCornet\SrvCornet.Dal.Mssql\SrvCornet.Dal.Mssql.csproj", "{538B07F1-89EA-4CFF-9D00-5BBEDBB13DB3}"
EndProject
Project("{9A19103F-16F7-4668-BE54-9A1E7A4F7556}") = "SrvCornet.Http", "SrvCornet\SrvCornet.Http\SrvCornet.Http.csproj", "{9C7B1B8F-4B77-483D-A096-87664080D8A5}"
EndProject
Project("{9A19103F-16F7-4668-BE54-9A1E7A4F7556}") = "SrvCornet.Utils", "SrvCornet\SrvCornet.Utils\SrvCornet.Utils.csproj", "{ACF3B905-3E18-4362-8137-2FD1ED5D720E}"
EndProject
Project("{FAE04EC0-301F-11D3-BF4B-00C04F79EFBC}") = "Account.API", "Modules\Account\Account.API\Account.API.csproj", "{69818927-D31C-43EE-9E91-17A17D482980}"
EndProject
Project("{9A19103F-16F7-4668-BE54-9A1E7A4F7556}") = "SrvCornet.Dal.Mongo", "SrvCornet\SrvCornet.Dal.Mongo\SrvCornet.Dal.Mongo.csproj", "{DB8CB1A1-2B2E-4EDA-8F0D-4F5912BE2006}"
EndProject
Project("{FAE04EC0-301F-11D3-BF4B-00C04F79EFBC}") = "AuctionHub.Data.Mongo", "Data\AuctionHub.Data.Mongo\AuctionHub.Data.Mongo.csproj", "{4E830197-E888-4E68-BC46-1B1B387F2E72}"
EndProject
Global
	GlobalSection(SolutionConfigurationPlatforms) = preSolution
		Debug|Any CPU = Debug|Any CPU
		Debug|x64 = Debug|x64
		Release|Any CPU = Release|Any CPU
		Release|x64 = Release|x64
	EndGlobalSection
	GlobalSection(ProjectConfigurationPlatforms) = postSolution
		{3F56952D-F3FE-46B4-854E-F0FE82126B40}.Debug|Any CPU.ActiveCfg = Debug|Any CPU
		{3F56952D-F3FE-46B4-854E-F0FE82126B40}.Debug|Any CPU.Build.0 = Debug|Any CPU
		{3F56952D-F3FE-46B4-854E-F0FE82126B40}.Debug|x64.ActiveCfg = Debug|Any CPU
		{3F56952D-F3FE-46B4-854E-F0FE82126B40}.Debug|x64.Build.0 = Debug|Any CPU
		{3F56952D-F3FE-46B4-854E-F0FE82126B40}.Release|Any CPU.ActiveCfg = Release|Any CPU
		{3F56952D-F3FE-46B4-854E-F0FE82126B40}.Release|Any CPU.Build.0 = Release|Any CPU
		{3F56952D-F3FE-46B4-854E-F0FE82126B40}.Release|x64.ActiveCfg = Release|Any CPU
		{3F56952D-F3FE-46B4-854E-F0FE82126B40}.Release|x64.Build.0 = Release|Any CPU
		{90DEE3D6-313E-4361-8E93-BE39944E0BA3}.Debug|Any CPU.ActiveCfg = Debug|Any CPU
		{90DEE3D6-313E-4361-8E93-BE39944E0BA3}.Debug|Any CPU.Build.0 = Debug|Any CPU
		{90DEE3D6-313E-4361-8E93-BE39944E0BA3}.Debug|x64.ActiveCfg = Debug|Any CPU
		{90DEE3D6-313E-4361-8E93-BE39944E0BA3}.Debug|x64.Build.0 = Debug|Any CPU
		{90DEE3D6-313E-4361-8E93-BE39944E0BA3}.Release|Any CPU.ActiveCfg = Release|Any CPU
		{90DEE3D6-313E-4361-8E93-BE39944E0BA3}.Release|Any CPU.Build.0 = Release|Any CPU
		{90DEE3D6-313E-4361-8E93-BE39944E0BA3}.Release|x64.ActiveCfg = Release|Any CPU
		{90DEE3D6-313E-4361-8E93-BE39944E0BA3}.Release|x64.Build.0 = Release|Any CPU
		{91D4956A-F078-475C-83D9-C2762702A4B2}.Debug|Any CPU.ActiveCfg = Debug|Any CPU
		{91D4956A-F078-475C-83D9-C2762702A4B2}.Debug|Any CPU.Build.0 = Debug|Any CPU
		{91D4956A-F078-475C-83D9-C2762702A4B2}.Debug|x64.ActiveCfg = Debug|Any CPU
		{91D4956A-F078-475C-83D9-C2762702A4B2}.Debug|x64.Build.0 = Debug|Any CPU
		{91D4956A-F078-475C-83D9-C2762702A4B2}.Release|Any CPU.ActiveCfg = Release|Any CPU
		{91D4956A-F078-475C-83D9-C2762702A4B2}.Release|Any CPU.Build.0 = Release|Any CPU
		{91D4956A-F078-475C-83D9-C2762702A4B2}.Release|x64.ActiveCfg = Release|Any CPU
		{91D4956A-F078-475C-83D9-C2762702A4B2}.Release|x64.Build.0 = Release|Any CPU
		{CADEE16B-4DD0-41BF-B348-BC0D65F034FD}.Debug|Any CPU.ActiveCfg = Debug|Any CPU
		{CADEE16B-4DD0-41BF-B348-BC0D65F034FD}.Debug|Any CPU.Build.0 = Debug|Any CPU
		{CADEE16B-4DD0-41BF-B348-BC0D65F034FD}.Debug|x64.ActiveCfg = Debug|Any CPU
		{CADEE16B-4DD0-41BF-B348-BC0D65F034FD}.Debug|x64.Build.0 = Debug|Any CPU
		{CADEE16B-4DD0-41BF-B348-BC0D65F034FD}.Release|Any CPU.ActiveCfg = Release|Any CPU
		{CADEE16B-4DD0-41BF-B348-BC0D65F034FD}.Release|Any CPU.Build.0 = Release|Any CPU
		{CADEE16B-4DD0-41BF-B348-BC0D65F034FD}.Release|x64.ActiveCfg = Release|Any CPU
		{CADEE16B-4DD0-41BF-B348-BC0D65F034FD}.Release|x64.Build.0 = Release|Any CPU
		{1D06FF18-BDC9-4603-B911-C1844E076C7E}.Debug|Any CPU.ActiveCfg = Debug|Any CPU
		{1D06FF18-BDC9-4603-B911-C1844E076C7E}.Debug|Any CPU.Build.0 = Debug|Any CPU
		{1D06FF18-BDC9-4603-B911-C1844E076C7E}.Debug|x64.ActiveCfg = Debug|Any CPU
		{1D06FF18-BDC9-4603-B911-C1844E076C7E}.Debug|x64.Build.0 = Debug|Any CPU
		{1D06FF18-BDC9-4603-B911-C1844E076C7E}.Release|Any CPU.ActiveCfg = Release|Any CPU
		{1D06FF18-BDC9-4603-B911-C1844E076C7E}.Release|Any CPU.Build.0 = Release|Any CPU
		{1D06FF18-BDC9-4603-B911-C1844E076C7E}.Release|x64.ActiveCfg = Release|Any CPU
		{1D06FF18-BDC9-4603-B911-C1844E076C7E}.Release|x64.Build.0 = Release|Any CPU
		{C8541893-3361-4F25-A5C3-6904AFA5BE53}.Debug|Any CPU.ActiveCfg = Debug|Any CPU
		{C8541893-3361-4F25-A5C3-6904AFA5BE53}.Debug|Any CPU.Build.0 = Debug|Any CPU
		{C8541893-3361-4F25-A5C3-6904AFA5BE53}.Debug|x64.ActiveCfg = Debug|Any CPU
		{C8541893-3361-4F25-A5C3-6904AFA5BE53}.Debug|x64.Build.0 = Debug|Any CPU
		{C8541893-3361-4F25-A5C3-6904AFA5BE53}.Release|Any CPU.ActiveCfg = Release|Any CPU
		{C8541893-3361-4F25-A5C3-6904AFA5BE53}.Release|Any CPU.Build.0 = Release|Any CPU
		{C8541893-3361-4F25-A5C3-6904AFA5BE53}.Release|x64.ActiveCfg = Release|Any CPU
		{C8541893-3361-4F25-A5C3-6904AFA5BE53}.Release|x64.Build.0 = Release|Any CPU
		{538B07F1-89EA-4CFF-9D00-5BBEDBB13DB3}.Debug|Any CPU.ActiveCfg = Debug|Any CPU
		{538B07F1-89EA-4CFF-9D00-5BBEDBB13DB3}.Debug|Any CPU.Build.0 = Debug|Any CPU
		{538B07F1-89EA-4CFF-9D00-5BBEDBB13DB3}.Debug|x64.ActiveCfg = Debug|x64
		{538B07F1-89EA-4CFF-9D00-5BBEDBB13DB3}.Debug|x64.Build.0 = Debug|x64
		{538B07F1-89EA-4CFF-9D00-5BBEDBB13DB3}.Release|Any CPU.ActiveCfg = Release|Any CPU
		{538B07F1-89EA-4CFF-9D00-5BBEDBB13DB3}.Release|Any CPU.Build.0 = Release|Any CPU
		{538B07F1-89EA-4CFF-9D00-5BBEDBB13DB3}.Release|x64.ActiveCfg = Release|x64
		{538B07F1-89EA-4CFF-9D00-5BBEDBB13DB3}.Release|x64.Build.0 = Release|x64
		{9C7B1B8F-4B77-483D-A096-87664080D8A5}.Debug|Any CPU.ActiveCfg = Debug|Any CPU
		{9C7B1B8F-4B77-483D-A096-87664080D8A5}.Debug|Any CPU.Build.0 = Debug|Any CPU
		{9C7B1B8F-4B77-483D-A096-87664080D8A5}.Debug|x64.ActiveCfg = Debug|Any CPU
		{9C7B1B8F-4B77-483D-A096-87664080D8A5}.Debug|x64.Build.0 = Debug|Any CPU
		{9C7B1B8F-4B77-483D-A096-87664080D8A5}.Release|Any CPU.ActiveCfg = Release|Any CPU
		{9C7B1B8F-4B77-483D-A096-87664080D8A5}.Release|Any CPU.Build.0 = Release|Any CPU
		{9C7B1B8F-4B77-483D-A096-87664080D8A5}.Release|x64.ActiveCfg = Release|Any CPU
		{9C7B1B8F-4B77-483D-A096-87664080D8A5}.Release|x64.Build.0 = Release|Any CPU
		{ACF3B905-3E18-4362-8137-2FD1ED5D720E}.Debug|Any CPU.ActiveCfg = Debug|Any CPU
		{ACF3B905-3E18-4362-8137-2FD1ED5D720E}.Debug|Any CPU.Build.0 = Debug|Any CPU
		{ACF3B905-3E18-4362-8137-2FD1ED5D720E}.Debug|x64.ActiveCfg = Debug|Any CPU
		{ACF3B905-3E18-4362-8137-2FD1ED5D720E}.Debug|x64.Build.0 = Debug|Any CPU
		{ACF3B905-3E18-4362-8137-2FD1ED5D720E}.Release|Any CPU.ActiveCfg = Release|Any CPU
		{ACF3B905-3E18-4362-8137-2FD1ED5D720E}.Release|Any CPU.Build.0 = Release|Any CPU
		{ACF3B905-3E18-4362-8137-2FD1ED5D720E}.Release|x64.ActiveCfg = Release|Any CPU
		{ACF3B905-3E18-4362-8137-2FD1ED5D720E}.Release|x64.Build.0 = Release|Any CPU
		{69818927-D31C-43EE-9E91-17A17D482980}.Debug|Any CPU.ActiveCfg = Debug|Any CPU
		{69818927-D31C-43EE-9E91-17A17D482980}.Debug|Any CPU.Build.0 = Debug|Any CPU
		{69818927-D31C-43EE-9E91-17A17D482980}.Debug|x64.ActiveCfg = Debug|Any CPU
		{69818927-D31C-43EE-9E91-17A17D482980}.Debug|x64.Build.0 = Debug|Any CPU
		{69818927-D31C-43EE-9E91-17A17D482980}.Release|Any CPU.ActiveCfg = Release|Any CPU
		{69818927-D31C-43EE-9E91-17A17D482980}.Release|Any CPU.Build.0 = Release|Any CPU
		{69818927-D31C-43EE-9E91-17A17D482980}.Release|x64.ActiveCfg = Release|Any CPU
		{69818927-D31C-43EE-9E91-17A17D482980}.Release|x64.Build.0 = Release|Any CPU
		{DB8CB1A1-2B2E-4EDA-8F0D-4F5912BE2006}.Debug|Any CPU.ActiveCfg = Debug|Any CPU
		{DB8CB1A1-2B2E-4EDA-8F0D-4F5912BE2006}.Debug|Any CPU.Build.0 = Debug|Any CPU
		{DB8CB1A1-2B2E-4EDA-8F0D-4F5912BE2006}.Debug|x64.ActiveCfg = Debug|Any CPU
		{DB8CB1A1-2B2E-4EDA-8F0D-4F5912BE2006}.Debug|x64.Build.0 = Debug|Any CPU
		{DB8CB1A1-2B2E-4EDA-8F0D-4F5912BE2006}.Release|Any CPU.ActiveCfg = Release|Any CPU
		{DB8CB1A1-2B2E-4EDA-8F0D-4F5912BE2006}.Release|Any CPU.Build.0 = Release|Any CPU
		{DB8CB1A1-2B2E-4EDA-8F0D-4F5912BE2006}.Release|x64.ActiveCfg = Release|Any CPU
		{DB8CB1A1-2B2E-4EDA-8F0D-4F5912BE2006}.Release|x64.Build.0 = Release|Any CPU
		{4E830197-E888-4E68-BC46-1B1B387F2E72}.Debug|Any CPU.ActiveCfg = Debug|Any CPU
		{4E830197-E888-4E68-BC46-1B1B387F2E72}.Debug|Any CPU.Build.0 = Debug|Any CPU
		{4E830197-E888-4E68-BC46-1B1B387F2E72}.Debug|x64.ActiveCfg = Debug|Any CPU
		{4E830197-E888-4E68-BC46-1B1B387F2E72}.Debug|x64.Build.0 = Debug|Any CPU
		{4E830197-E888-4E68-BC46-1B1B387F2E72}.Release|Any CPU.ActiveCfg = Release|Any CPU
		{4E830197-E888-4E68-BC46-1B1B387F2E72}.Release|Any CPU.Build.0 = Release|Any CPU
		{4E830197-E888-4E68-BC46-1B1B387F2E72}.Release|x64.ActiveCfg = Release|Any CPU
		{4E830197-E888-4E68-BC46-1B1B387F2E72}.Release|x64.Build.0 = Release|Any CPU
	EndGlobalSection
	GlobalSection(SolutionProperties) = preSolution
		HideSolutionNode = FALSE
	EndGlobalSection
	GlobalSection(NestedProjects) = preSolution
		{90DEE3D6-313E-4361-8E93-BE39944E0BA3} = {EBEC1A63-9941-4E01-BD90-52DE02B47445}
		{5F48EEE4-03DD-4C5E-9CC5-14AD117D9D3E} = {4E8E66F4-BC47-4EF4-9130-CE20E51B7C18}
		{CADEE16B-4DD0-41BF-B348-BC0D65F034FD} = {5F48EEE4-03DD-4C5E-9CC5-14AD117D9D3E}
		{AC101F5D-B719-42A3-B213-D9A1E97C7219} = {4E8E66F4-BC47-4EF4-9130-CE20E51B7C18}
		{1D06FF18-BDC9-4603-B911-C1844E076C7E} = {4C1361D6-3B90-46D6-BA70-BDE0C8E2FDCB}
		{C8541893-3361-4F25-A5C3-6904AFA5BE53} = {4C1361D6-3B90-46D6-BA70-BDE0C8E2FDCB}
		{538B07F1-89EA-4CFF-9D00-5BBEDBB13DB3} = {4C1361D6-3B90-46D6-BA70-BDE0C8E2FDCB}
		{9C7B1B8F-4B77-483D-A096-87664080D8A5} = {4C1361D6-3B90-46D6-BA70-BDE0C8E2FDCB}
		{ACF3B905-3E18-4362-8137-2FD1ED5D720E} = {4C1361D6-3B90-46D6-BA70-BDE0C8E2FDCB}
		{69818927-D31C-43EE-9E91-17A17D482980} = {AC101F5D-B719-42A3-B213-D9A1E97C7219}
		{DB8CB1A1-2B2E-4EDA-8F0D-4F5912BE2006} = {4C1361D6-3B90-46D6-BA70-BDE0C8E2FDCB}
		{4E830197-E888-4E68-BC46-1B1B387F2E72} = {EBEC1A63-9941-4E01-BD90-52DE02B47445}
	EndGlobalSection
	GlobalSection(ExtensibilityGlobals) = postSolution
		SolutionGuid = {3E649AF8-7EDF-4320-812B-1FFB2C2FC170}
	EndGlobalSection
EndGlobal
